
Microsoft Visual Studio Solution File, Format Version 12.00
# Visual Studio Version 16
VisualStudioVersion = 16.0.32802.440
MinimumVisualStudioVersion = 10.0.40219.1
Project("{FAE04EC0-301F-11D3-BF4B-00C04F79EFBC}") = "UmangMicro", "UmangMicro.csproj", "{BAD8FAD3-680B-4748-A550-EED511473EC2}"
EndProject
Global
	GlobalSection(SolutionConfigurationPlatforms) = preSolution
		Debug|Any CPU = Debug|Any CPU
		Release|Any CPU = Release|Any CPU
	EndGlobalSection
	GlobalSection(ProjectConfigurationPlatforms) = postSolution
		{BAD8FAD3-680B-4748-A550-EED511473EC2}.Debug|Any CPU.ActiveCfg = Debug|Any CPU
		{BAD8FAD3-680B-4748-A550-EED511473EC2}.Debug|Any CPU.Build.0 = Debug|Any CPU
		{BAD8FAD3-680B-4748-A550-EED511473EC2}.Release|Any CPU.ActiveCfg = Release|Any CPU
		{BAD8FAD3-680B-4748-A550-EED511473EC2}.Release|Any CPU.Build.0 = Release|Any CPU
	EndGlobalSection
	GlobalSection(SolutionProperties) = preSolution
		HideSolutionNode = FALSE
	EndGlobalSection
	GlobalSection(ExtensibilityGlobals) = postSolution
		SolutionGuid = {2A6B6EDF-E1C2-4835-BF33-E7FB178EC867}
	EndGlobalSection
EndGlobal
